
Microsoft Visual Studio Solution File, Format Version 12.00
# Visual Studio Version 17
VisualStudioVersion = 17.0.31912.275
MinimumVisualStudioVersion = 10.0.40219.1
Project("{FAE04EC0-301F-11D3-BF4B-00C04F79EFBC}") = "BitCoinApp Thor Hammer", "BitCoinApp Thor Hammer\BitCoinApp Thor Hammer.csproj", "{1BBB1709-40A6-4B97-B727-A1DBE6667A85}"
EndProject
Global
	GlobalSection(SolutionConfigurationPlatforms) = preSolution
		Debug|Any CPU = Debug|Any CPU
		Release|Any CPU = Release|Any CPU
	EndGlobalSection
	GlobalSection(ProjectConfigurationPlatforms) = postSolution
		{1BBB1709-40A6-4B97-B727-A1DBE6667A85}.Debug|Any CPU.ActiveCfg = Debug|Any CPU
		{1BBB1709-40A6-4B97-B727-A1DBE6667A85}.Debug|Any CPU.Build.0 = Debug|Any CPU
		{1BBB1709-40A6-4B97-B727-A1DBE6667A85}.Release|Any CPU.ActiveCfg = Release|Any CPU
		{1BBB1709-40A6-4B97-B727-A1DBE6667A85}.Release|Any CPU.Build.0 = Release|Any CPU
	EndGlobalSection
	GlobalSection(SolutionProperties) = preSolution
		HideSolutionNode = FALSE
	EndGlobalSection
	GlobalSection(ExtensibilityGlobals) = postSolution
		SolutionGuid = {7F6F79CA-7F4A-4E82-B5DB-FFB0AA5A721D}
	EndGlobalSection
EndGlobal
